
Microsoft Visual Studio Solution File, Format Version 12.00
# Visual Studio Version 17
VisualStudioVersion = 17.12.35309.182
MinimumVisualStudioVersion = 10.0.40219.1
Project("{FAE04EC0-301F-11D3-BF4B-00C04F79EFBC}") = "Ink", "Ink\Ink.csproj", "{0C2CFDA4-DDC9-46D2-B2A5-5C467D43EB6E}"
EndProject
Global
	GlobalSection(SolutionConfigurationPlatforms) = preSolution
		Debug|Any CPU = Debug|Any CPU
		Release|Any CPU = Release|Any CPU
	EndGlobalSection
	GlobalSection(ProjectConfigurationPlatforms) = postSolution
		{0C2CFDA4-DDC9-46D2-B2A5-5C467D43EB6E}.Debug|Any CPU.ActiveCfg = Debug|Any CPU
		{0C2CFDA4-DDC9-46D2-B2A5-5C467D43EB6E}.Debug|Any CPU.Build.0 = Debug|Any CPU
		{0C2CFDA4-DDC9-46D2-B2A5-5C467D43EB6E}.Release|Any CPU.ActiveCfg = Release|Any CPU
		{0C2CFDA4-DDC9-46D2-B2A5-5C467D43EB6E}.Release|Any CPU.Build.0 = Release|Any CPU
	EndGlobalSection
	GlobalSection(SolutionProperties) = preSolution
		HideSolutionNode = FALSE
	EndGlobalSection
	GlobalSection(ExtensibilityGlobals) = postSolution
		SolutionGuid = {CA2AD12A-FDCB-466B-AA18-3291F1B05788}
	EndGlobalSection
EndGlobal
